// !$*UTF8*$!
{
	archiveVersion = 1;
	classes = {
	};
	objectVersion = 46;
	objects = {

/* Begin PBXBuildFile section */
		871220B71EFE5D35001C39F9 /* AppDelegate.swift in Sources */ = {isa = PBXBuildFile; fileRef = 871220B61EFE5D35001C39F9 /* AppDelegate.swift */; };
		871220B91EFE5D35001C39F9 /* ViewController.swift in Sources */ = {isa = PBXBuildFile; fileRef = 871220B81EFE5D35001C39F9 /* ViewController.swift */; };
		871220BC1EFE5D35001C39F9 /* Main.storyboard in Resources */ = {isa = PBXBuildFile; fileRef = 871220BA1EFE5D35001C39F9 /* Main.storyboard */; };
		871220BE1EFE5D35001C39F9 /* Assets.xcassets in Resources */ = {isa = PBXBuildFile; fileRef = 871220BD1EFE5D35001C39F9 /* Assets.xcassets */; };
		871220C11EFE5D35001C39F9 /* LaunchScreen.storyboard in Resources */ = {isa = PBXBuildFile; fileRef = 871220BF1EFE5D35001C39F9 /* LaunchScreen.storyboard */; };
		871220C91EFE6BCC001C39F9 /* AddressTableview.swift in Sources */ = {isa = PBXBuildFile; fileRef = 871220C81EFE6BCC001C39F9 /* AddressTableview.swift */; };
		871220CD1EFE94E7001C39F9 /* mapViewController.swift in Sources */ = {isa = PBXBuildFile; fileRef = 871220CC1EFE94E7001C39F9 /* mapViewController.swift */; };
/* End PBXBuildFile section */

/* Begin PBXFileReference section */
		871220B31EFE5D35001C39F9 /* rush01.app */ = {isa = PBXFileReference; explicitFileType = wrapper.application; includeInIndex = 0; path = rush01.app; sourceTree = BUILT_PRODUCTS_DIR; };
		871220B61EFE5D35001C39F9 /* AppDelegate.swift */ = {isa = PBXFileReference; lastKnownFileType = sourcecode.swift; path = AppDelegate.swift; sourceTree = "<group>"; };
		871220B81EFE5D35001C39F9 /* ViewController.swift */ = {isa = PBXFileReference; lastKnownFileType = sourcecode.swift; path = ViewController.swift; sourceTree = "<group>"; };
		871220BB1EFE5D35001C39F9 /* Base */ = {isa = PBXFileReference; lastKnownFileType = file.storyboard; name = Base; path = Base.lproj/Main.storyboard; sourceTree = "<group>"; };
		871220BD1EFE5D35001C39F9 /* Assets.xcassets */ = {isa = PBXFileReference; lastKnownFileType = folder.assetcatalog; path = Assets.xcassets; sourceTree = "<group>"; };
		871220C01EFE5D35001C39F9 /* Base */ = {isa = PBXFileReference; lastKnownFileType = file.storyboard; name = Base; path = Base.lproj/LaunchScreen.storyboard; sourceTree = "<group>"; };
		871220C21EFE5D35001C39F9 /* Info.plist */ = {isa = PBXFileReference; lastKnownFileType = text.plist.xml; path = Info.plist; sourceTree = "<group>"; };
		871220C81EFE6BCC001C39F9 /* AddressTableview.swift */ = {isa = PBXFileReference; fileEncoding = 4; lastKnownFileType = sourcecode.swift; name = AddressTableview.swift; path = ../AddressTableview.swift; sourceTree = "<group>"; };
		871220CC1EFE94E7001C39F9 /* mapViewController.swift */ = {isa = PBXFileReference; fileEncoding = 4; lastKnownFileType = sourcecode.swift; path = mapViewController.swift; sourceTree = "<group>"; };
/* End PBXFileReference section */

/* Begin PBXFrameworksBuildPhase section */
		871220B01EFE5D35001C39F9 /* Frameworks */ = {
			isa = PBXFrameworksBuildPhase;
			buildActionMask = 2147483647;
			files = (
			);
			runOnlyForDeploymentPostprocessing = 0;
		};
/* End PBXFrameworksBuildPhase section */

/* Begin PBXGroup section */
		871220AA1EFE5D35001C39F9 = {
			isa = PBXGroup;
			children = (
				871220B51EFE5D35001C39F9 /* rush01 */,
				871220B41EFE5D35001C39F9 /* Products */,
			);
			sourceTree = "<group>";
		};
		871220B41EFE5D35001C39F9 /* Products */ = {
			isa = PBXGroup;
			children = (
				871220B31EFE5D35001C39F9 /* rush01.app */,
			);
			name = Products;
			sourceTree = "<group>";
		};
		871220B51EFE5D35001C39F9 /* rush01 */ = {
			isa = PBXGroup;
			children = (
				871220C81EFE6BCC001C39F9 /* AddressTableview.swift */,
				871220B61EFE5D35001C39F9 /* AppDelegate.swift */,
				871220B81EFE5D35001C39F9 /* ViewController.swift */,
				871220BA1EFE5D35001C39F9 /* Main.storyboard */,
				871220BD1EFE5D35001C39F9 /* Assets.xcassets */,
				871220BF1EFE5D35001C39F9 /* LaunchScreen.storyboard */,
				871220C21EFE5D35001C39F9 /* Info.plist */,
				871220CC1EFE94E7001C39F9 /* mapViewController.swift */,
			);
			path = rush01;
			sourceTree = "<group>";
		};
/* End PBXGroup section */

/* Begin PBXNativeTarget section */
		871220B21EFE5D35001C39F9 /* rush01 */ = {
			isa = PBXNativeTarget;
			buildConfigurationList = 871220C51EFE5D35001C39F9 /* Build configuration list for PBXNativeTarget "rush01" */;
			buildPhases = (
				871220AF1EFE5D35001C39F9 /* Sources */,
				871220B01EFE5D35001C39F9 /* Frameworks */,
				871220B11EFE5D35001C39F9 /* Resources */,
			);
			buildRules = (
			);
			dependencies = (
			);
			name = rush01;
			productName = rush01;
			productReference = 871220B31EFE5D35001C39F9 /* rush01.app */;
			productType = "com.apple.product-type.application";
		};
/* End PBXNativeTarget section */

/* Begin PBXProject section */
		871220AB1EFE5D35001C39F9 /* Project object */ = {
			isa = PBXProject;
			attributes = {
				LastSwiftUpdateCheck = 0820;
				LastUpgradeCheck = 0820;
				ORGANIZATIONNAME = "Samuel TOUSSAY";
				TargetAttributes = {
					871220B21EFE5D35001C39F9 = {
						CreatedOnToolsVersion = 8.2.1;
						ProvisioningStyle = Automatic;
					};
				};
			};
			buildConfigurationList = 871220AE1EFE5D35001C39F9 /* Build configuration list for PBXProject "rush01" */;
			compatibilityVersion = "Xcode 3.2";
			developmentRegion = English;
			hasScannedForEncodings = 0;
			knownRegions = (
				en,
				Base,
			);
			mainGroup = 871220AA1EFE5D35001C39F9;
			productRefGroup = 871220B41EFE5D35001C39F9 /* Products */;
			projectDirPath = "";
			projectRoot = "";
			targets = (
				871220B21EFE5D35001C39F9 /* rush01 */,
			);
		};
/* End PBXProject section */

/* Begin PBXResourcesBuildPhase section */
		871220B11EFE5D35001C39F9 /* Resources */ = {
			isa = PBXResourcesBuildPhase;
			buildActionMask = 2147483647;
			files = (
				871220C11EFE5D35001C39F9 /* LaunchScreen.storyboard in Resources */,
				871220BE1EFE5D35001C39F9 /* Assets.xcassets in Resources */,
				871220BC1EFE5D35001C39F9 /* Main.storyboard in Resources */,
			);
			runOnlyForDeploymentPostprocessing = 0;
		};
/* End PBXResourcesBuildPhase section */

/* Begin PBXSourcesBuildPhase section */
		871220AF1EFE5D35001C39F9 /* Sources */ = {
			isa = PBXSourcesBuildPhase;
			buildActionMask = 2147483647;
			files = (
				871220C91EFE6BCC001C39F9 /* AddressTableview.swift in Sources */,
				871220B91EFE5D35001C39F9 /* ViewController.swift in Sources */,
				871220B71EFE5D35001C39F9 /* AppDelegate.swift in Sources */,
				871220CD1EFE94E7001C39F9 /* mapViewController.swift in Sources */,
			);
			runOnlyForDeploymentPostprocessing = 0;
		};
/* End PBXSourcesBuildPhase section */

/* Begin PBXVariantGroup section */
		871220BA1EFE5D35001C39F9 /* Main.storyboard */ = {
			isa = PBXVariantGroup;
			children = (
				871220BB1EFE5D35001C39F9 /* Base */,
			);
			name = Main.storyboard;
			sourceTree = "<group>";
		};
		871220BF1EFE5D35001C39F9 /* LaunchScreen.storyboard */ = {
			isa = PBXVariantGroup;
			children = (
				871220C01EFE5D35001C39F9 /* Base */,
			);
			name = LaunchScreen.storyboard;
			sourceTree = "<group>";
		};
/* End PBXVariantGroup section */

/* Begin XCBuildConfiguration section */
		871220C31EFE5D35001C39F9 /* Debug */ = {
			isa = XCBuildConfiguration;
			buildSettings = {
				ALWAYS_SEARCH_USER_PATHS = NO;
				CLANG_ANALYZER_NONNULL = YES;
				CLANG_CXX_LANGUAGE_STANDARD = "gnu++0x";
				CLANG_CXX_LIBRARY = "libc++";
				CLANG_ENABLE_MODULES = YES;
				CLANG_ENABLE_OBJC_ARC = YES;
				CLANG_WARN_BOOL_CONVERSION = YES;
				CLANG_WARN_CONSTANT_CONVERSION = YES;
				CLANG_WARN_DIRECT_OBJC_ISA_USAGE = YES_ERROR;
				CLANG_WARN_DOCUMENTATION_COMMENTS = YES;
				CLANG_WARN_EMPTY_BODY = YES;
				CLANG_WARN_ENUM_CONVERSION = YES;
				CLANG_WARN_INFINITE_RECURSION = YES;
				CLANG_WARN_INT_CONVERSION = YES;
				CLANG_WARN_OBJC_ROOT_CLASS = YES_ERROR;
				CLANG_WARN_SUSPICIOUS_MOVE = YES;
				CLANG_WARN_UNREACHABLE_CODE = YES;
				CLANG_WARN__DUPLICATE_METHOD_MATCH = YES;
				"CODE_SIGN_IDENTITY[sdk=iphoneos*]" = "iPhone Developer";
				COPY_PHASE_STRIP = NO;
				DEBUG_INFORMATION_FORMAT = dwarf;
				ENABLE_STRICT_OBJC_MSGSEND = YES;
				ENABLE_TESTABILITY = YES;
				GCC_C_LANGUAGE_STANDARD = gnu99;
				GCC_DYNAMIC_NO_PIC = NO;
				GCC_NO_COMMON_BLOCKS = YES;
				GCC_OPTIMIZATION_LEVEL = 0;
				GCC_PREPROCESSOR_DEFINITIONS = (
					"DEBUG=1",
					"$(inherited)",
				);
				GCC_WARN_64_TO_32_BIT_CONVERSION = YES;
				GCC_WARN_ABOUT_RETURN_TYPE = YES_ERROR;
				GCC_WARN_UNDECLARED_SELECTOR = YES;
				GCC_WARN_UNINITIALIZED_AUTOS = YES_AGGRESSIVE;
				GCC_WARN_UNUSED_FUNCTION = YES;
				GCC_WARN_UNUSED_VARIABLE = YES;
				IPHONEOS_DEPLOYMENT_TARGET = 10.2;
				MTL_ENABLE_DEBUG_INFO = YES;
				ONLY_ACTIVE_ARCH = YES;
				SDKROOT = iphoneos;
				SWIFT_ACTIVE_COMPILATION_CONDITIONS = DEBUG;
				SWIFT_OPTIMIZATION_LEVEL = "-Onone";
				TARGETED_DEVICE_FAMILY = "1,2";
			};
			name = Debug;
		};
		871220C41EFE5D35001C39F9 /* Release */ = {
			isa = XCBuildConfiguration;
			buildSettings = {
				ALWAYS_SEARCH_USER_PATHS = NO;
				CLANG_ANALYZER_NONNULL = YES;
				CLANG_CXX_LANGUAGE_STANDARD = "gnu++0x";
				CLANG_CXX_LIBRARY = "libc++";
				CLANG_ENABLE_MODULES = YES;
				CLANG_ENABLE_OBJC_ARC = YES;
				CLANG_WARN_BOOL_CONVERSION = YES;
				CLANG_WARN_CONSTANT_CONVERSION = YES;
				CLANG_WARN_DIRECT_OBJC_ISA_USAGE = YES_ERROR;
				CLANG_WARN_DOCUMENTATION_COMMENTS = YES;
				CLANG_WARN_EMPTY_BODY = YES;
				CLANG_WARN_ENUM_CONVERSION = YES;
				CLANG_WARN_INFINITE_RECURSION = YES;
				CLANG_WARN_INT_CONVERSION = YES;
				CLANG_WARN_OBJC_ROOT_CLASS = YES_ERROR;
				CLANG_WARN_SUSPICIOUS_MOVE = YES;
				CLANG_WARN_UNREACHABLE_CODE = YES;
				CLANG_WARN__DUPLICATE_METHOD_MATCH = YES;
				"CODE_SIGN_IDENTITY[sdk=iphoneos*]" = "iPhone Developer";
				COPY_PHASE_STRIP = NO;
				DEBUG_INFORMATION_FORMAT = "dwarf-with-dsym";
				ENABLE_NS_ASSERTIONS = NO;
				ENABLE_STRICT_OBJC_MSGSEND = YES;
				GCC_C_LANGUAGE_STANDARD = gnu99;
				GCC_NO_COMMON_BLOCKS = YES;
				GCC_WARN_64_TO_32_BIT_CONVERSION = YES;
				GCC_WARN_ABOUT_RETURN_TYPE = YES_ERROR;
				GCC_WARN_UNDECLARED_SELECTOR = YES;
				GCC_WARN_UNINITIALIZED_AUTOS = YES_AGGRESSIVE;
				GCC_WARN_UNUSED_FUNCTION = YES;
				GCC_WARN_UNUSED_VARIABLE = YES;
				IPHONEOS_DEPLOYMENT_TARGET = 10.2;
				MTL_ENABLE_DEBUG_INFO = NO;
				SDKROOT = iphoneos;
				SWIFT_OPTIMIZATION_LEVEL = "-Owholemodule";
				TARGETED_DEVICE_FAMILY = "1,2";
				VALIDATE_PRODUCT = YES;
			};
			name = Release;
		};
		871220C61EFE5D35001C39F9 /* Debug */ = {
			isa = XCBuildConfiguration;
			buildSettings = {
				ASSETCATALOG_COMPILER_APPICON_NAME = AppIcon;
				INFOPLIST_FILE = rush01/Info.plist;
				LD_RUNPATH_SEARCH_PATHS = "$(inherited) @executable_path/Frameworks";
				PRODUCT_BUNDLE_IDENTIFIER = "-2.rush01";
				PRODUCT_NAME = "$(TARGET_NAME)";
				SWIFT_VERSION = 3.0;
			};
			name = Debug;
		};
		871220C71EFE5D35001C39F9 /* Release */ = {
			isa = XCBuildConfiguration;
			buildSettings = {
				ASSETCATALOG_COMPILER_APPICON_NAME = AppIcon;
				INFOPLIST_FILE = rush01/Info.plist;
				LD_RUNPATH_SEARCH_PATHS = "$(inherited) @executable_path/Frameworks";
				PRODUCT_BUNDLE_IDENTIFIER = "-2.rush01";
				PRODUCT_NAME = "$(TARGET_NAME)";
				SWIFT_VERSION = 3.0;
			};
			name = Release;
		};
/* End XCBuildConfiguration section */

/* Begin XCConfigurationList section */
		871220AE1EFE5D35001C39F9 /* Build configuration list for PBXProject "rush01" */ = {
			isa = XCConfigurationList;
			buildConfigurations = (
				871220C31EFE5D35001C39F9 /* Debug */,
				871220C41EFE5D35001C39F9 /* Release */,
			);
			defaultConfigurationIsVisible = 0;
			defaultConfigurationName = Release;
		};
		871220C51EFE5D35001C39F9 /* Build configuration list for PBXNativeTarget "rush01" */ = {
			isa = XCConfigurationList;
			buildConfigurations = (
				871220C61EFE5D35001C39F9 /* Debug */,
				871220C71EFE5D35001C39F9 /* Release */,
			);
			defaultConfigurationIsVisible = 0;
			defaultConfigurationName = Release;
		};
/* End XCConfigurationList section */
	};
	rootObject = 871220AB1EFE5D35001C39F9 /* Project object */;
}
